{
  "name": "admin-node",
  "version": "1.0.0",
  "lockfileVersion": 1,
  "requires": true,
  "dependencies": {
    "boom": {
      "version": "7.3.0",
      "resolved": "https://registry.npm.taobao.org/boom/download/boom-7.3.0.tgz?cache=0&other_urls=https%3A%2F%2Fregistry.npm.taobao.org%2Fboom%2Fdownload%2Fboom-7.3.0.tgz",
      "integrity": "sha1-czptlW0zsLGZnaP+bBKZaVDQF7k=",
      "requires": {
        "hoek": "6.x.x"
      }
    },
    "hoek": {
      "version": "6.1.3",
      "resolved": "https://registry.npm.taobao.org/hoek/download/hoek-6.1.3.tgz",
      "integrity": "sha1-c7fTOVLgH+J6OLBFcpS3ndjaJCw="
    }
  }
}
